// !$*UTF8*$!
{
	archiveVersion = 1;
	classes = {
	};
	objectVersion = 46;
	objects = {

/* Begin PBXBuildFile section */
		103B51743EF5B44618672724 /* libPods-WH -- Detail.a in Frameworks */ = {isa = PBXBuildFile; fileRef = E6BA7D0DE6196620BAB87E38 /* libPods-WH -- Detail.a */; };
		134854511F09292900AB0843 /* main.m in Sources */ = {isa = PBXBuildFile; fileRef = 134854501F09292900AB0843 /* main.m */; };
		134854541F09292900AB0843 /* AppDelegate.m in Sources */ = {isa = PBXBuildFile; fileRef = 134854531F09292900AB0843 /* AppDelegate.m */; };
		1348545C1F09292900AB0843 /* Assets.xcassets in Resources */ = {isa = PBXBuildFile; fileRef = 1348545B1F09292900AB0843 /* Assets.xcassets */; };
		1348545F1F09292900AB0843 /* LaunchScreen.storyboard in Resources */ = {isa = PBXBuildFile; fileRef = 1348545D1F09292900AB0843 /* LaunchScreen.storyboard */; };
		1348546A1F09292A00AB0843 /* WH____DetailTests.m in Sources */ = {isa = PBXBuildFile; fileRef = 134854691F09292A00AB0843 /* WH____DetailTests.m */; };
		134854751F09292A00AB0843 /* WH____DetailUITests.m in Sources */ = {isa = PBXBuildFile; fileRef = 134854741F09292A00AB0843 /* WH____DetailUITests.m */; };
		1348548D1F092AF700AB0843 /* ViewController.m in Sources */ = {isa = PBXBuildFile; fileRef = 134854831F092AF700AB0843 /* ViewController.m */; };
		1348548E1F092AF700AB0843 /* TableViewCell.m in Sources */ = {isa = PBXBuildFile; fileRef = 134854851F092AF700AB0843 /* TableViewCell.m */; };
		1348548F1F092AF700AB0843 /* Model.m in Sources */ = {isa = PBXBuildFile; fileRef = 134854871F092AF700AB0843 /* Model.m */; };
		134854901F092AF700AB0843 /* ModelF.m in Sources */ = {isa = PBXBuildFile; fileRef = 134854891F092AF700AB0843 /* ModelF.m */; };
		134854911F092AF700AB0843 /* PhotosView.m in Sources */ = {isa = PBXBuildFile; fileRef = 1348548B1F092AF700AB0843 /* PhotosView.m */; };
		134854921F092AF700AB0843 /* Main.storyboard in Resources */ = {isa = PBXBuildFile; fileRef = 1348548C1F092AF700AB0843 /* Main.storyboard */; };
		134854951F092AFF00AB0843 /* UIView+JKFrame.m in Sources */ = {isa = PBXBuildFile; fileRef = 134854941F092AFF00AB0843 /* UIView+JKFrame.m */; };
		1348549E1F092B0A00AB0843 /* SDBrowserImageView.m in Sources */ = {isa = PBXBuildFile; fileRef = 134854981F092B0A00AB0843 /* SDBrowserImageView.m */; };
		1348549F1F092B0A00AB0843 /* SDPhotoBrowser.m in Sources */ = {isa = PBXBuildFile; fileRef = 1348549A1F092B0A00AB0843 /* SDPhotoBrowser.m */; };
		134854A01F092B0A00AB0843 /* SDWaitingView.m in Sources */ = {isa = PBXBuildFile; fileRef = 1348549D1F092B0A00AB0843 /* SDWaitingView.m */; };
/* End PBXBuildFile section */

/* Begin PBXContainerItemProxy section */
		134854661F09292A00AB0843 /* PBXContainerItemProxy */ = {
			isa = PBXContainerItemProxy;
			containerPortal = 134854441F09292800AB0843 /* Project object */;
			proxyType = 1;
			remoteGlobalIDString = 1348544B1F09292800AB0843;
			remoteInfo = "WH -- Detail";
		};
		134854711F09292A00AB0843 /* PBXContainerItemProxy */ = {
			isa = PBXContainerItemProxy;
			containerPortal = 134854441F09292800AB0843 /* Project object */;
			proxyType = 1;
			remoteGlobalIDString = 1348544B1F09292800AB0843;
			remoteInfo = "WH -- Detail";
		};
/* End PBXContainerItemProxy section */

/* Begin PBXFileReference section */
		1348544C1F09292800AB0843 /* WH -- Detail.app */ = {isa = PBXFileReference; explicitFileType = wrapper.application; includeInIndex = 0; path = "WH -- Detail.app"; sourceTree = BUILT_PRODUCTS_DIR; };
		134854501F09292900AB0843 /* main.m */ = {isa = PBXFileReference; lastKnownFileType = sourcecode.c.objc; path = main.m; sourceTree = "<group>"; };
		134854521F09292900AB0843 /* AppDelegate.h */ = {isa = PBXFileReference; lastKnownFileType = sourcecode.c.h; path = AppDelegate.h; sourceTree = "<group>"; };
		134854531F09292900AB0843 /* AppDelegate.m */ = {isa = PBXFileReference; lastKnownFileType = sourcecode.c.objc; path = AppDelegate.m; sourceTree = "<group>"; };
		1348545B1F09292900AB0843 /* Assets.xcassets */ = {isa = PBXFileReference; lastKnownFileType = folder.assetcatalog; path = Assets.xcassets; sourceTree = "<group>"; };
		1348545E1F09292900AB0843 /* Base */ = {isa = PBXFileReference; lastKnownFileType = file.storyboard; name = Base; path = Base.lproj/LaunchScreen.storyboard; sourceTree = "<group>"; };
		134854601F09292900AB0843 /* Info.plist */ = {isa = PBXFileReference; lastKnownFileType = text.plist.xml; path = Info.plist; sourceTree = "<group>"; };
		134854651F09292A00AB0843 /* WH -- DetailTests.xctest */ = {isa = PBXFileReference; explicitFileType = wrapper.cfbundle; includeInIndex = 0; path = "WH -- DetailTests.xctest"; sourceTree = BUILT_PRODUCTS_DIR; };
		134854691F09292A00AB0843 /* WH____DetailTests.m */ = {isa = PBXFileReference; lastKnownFileType = sourcecode.c.objc; path = "WH____DetailTests.m"; sourceTree = "<group>"; };
		1348546B1F09292A00AB0843 /* Info.plist */ = {isa = PBXFileReference; lastKnownFileType = text.plist.xml; path = Info.plist; sourceTree = "<group>"; };
		134854701F09292A00AB0843 /* WH -- DetailUITests.xctest */ = {isa = PBXFileReference; explicitFileType = wrapper.cfbundle; includeInIndex = 0; path = "WH -- DetailUITests.xctest"; sourceTree = BUILT_PRODUCTS_DIR; };
		134854741F09292A00AB0843 /* WH____DetailUITests.m */ = {isa = PBXFileReference; lastKnownFileType = sourcecode.c.objc; path = "WH____DetailUITests.m"; sourceTree = "<group>"; };
		134854761F09292A00AB0843 /* Info.plist */ = {isa = PBXFileReference; lastKnownFileType = text.plist.xml; path = Info.plist; sourceTree = "<group>"; };
		134854821F092AF700AB0843 /* ViewController.h */ = {isa = PBXFileReference; fileEncoding = 4; lastKnownFileType = sourcecode.c.h; path = ViewController.h; sourceTree = "<group>"; };
		134854831F092AF700AB0843 /* ViewController.m */ = {isa = PBXFileReference; fileEncoding = 4; lastKnownFileType = sourcecode.c.objc; path = ViewController.m; sourceTree = "<group>"; };
		134854841F092AF700AB0843 /* TableViewCell.h */ = {isa = PBXFileReference; fileEncoding = 4; lastKnownFileType = sourcecode.c.h; path = TableViewCell.h; sourceTree = "<group>"; };
		134854851F092AF700AB0843 /* TableViewCell.m */ = {isa = PBXFileReference; fileEncoding = 4; lastKnownFileType = sourcecode.c.objc; path = TableViewCell.m; sourceTree = "<group>"; };
		134854861F092AF700AB0843 /* Model.h */ = {isa = PBXFileReference; fileEncoding = 4; lastKnownFileType = sourcecode.c.h; path = Model.h; sourceTree = "<group>"; };
		134854871F092AF700AB0843 /* Model.m */ = {isa = PBXFileReference; fileEncoding = 4; lastKnownFileType = sourcecode.c.objc; path = Model.m; sourceTree = "<group>"; };
		134854881F092AF700AB0843 /* ModelF.h */ = {isa = PBXFileReference; fileEncoding = 4; lastKnownFileType = sourcecode.c.h; path = ModelF.h; sourceTree = "<group>"; };
		134854891F092AF700AB0843 /* ModelF.m */ = {isa = PBXFileReference; fileEncoding = 4; lastKnownFileType = sourcecode.c.objc; path = ModelF.m; sourceTree = "<group>"; };
		1348548A1F092AF700AB0843 /* PhotosView.h */ = {isa = PBXFileReference; fileEncoding = 4; lastKnownFileType = sourcecode.c.h; path = PhotosView.h; sourceTree = "<group>"; };
		1348548B1F092AF700AB0843 /* PhotosView.m */ = {isa = PBXFileReference; fileEncoding = 4; lastKnownFileType = sourcecode.c.objc; path = PhotosView.m; sourceTree = "<group>"; };
		1348548C1F092AF700AB0843 /* Main.storyboard */ = {isa = PBXFileReference; fileEncoding = 4; lastKnownFileType = file.storyboard; path = Main.storyboard; sourceTree = "<group>"; };
		134854931F092AFF00AB0843 /* UIView+JKFrame.h */ = {isa = PBXFileReference; fileEncoding = 4; lastKnownFileType = sourcecode.c.h; path = "UIView+JKFrame.h"; sourceTree = "<group>"; };
		134854941F092AFF00AB0843 /* UIView+JKFrame.m */ = {isa = PBXFileReference; fileEncoding = 4; lastKnownFileType = sourcecode.c.objc; path = "UIView+JKFrame.m"; sourceTree = "<group>"; };
		134854971F092B0A00AB0843 /* SDBrowserImageView.h */ = {isa = PBXFileReference; fileEncoding = 4; lastKnownFileType = sourcecode.c.h; path = SDBrowserImageView.h; sourceTree = "<group>"; };
		134854981F092B0A00AB0843 /* SDBrowserImageView.m */ = {isa = PBXFileReference; fileEncoding = 4; lastKnownFileType = sourcecode.c.objc; path = SDBrowserImageView.m; sourceTree = "<group>"; };
		134854991F092B0A00AB0843 /* SDPhotoBrowser.h */ = {isa = PBXFileReference; fileEncoding = 4; lastKnownFileType = sourcecode.c.h; path = SDPhotoBrowser.h; sourceTree = "<group>"; };
		1348549A1F092B0A00AB0843 /* SDPhotoBrowser.m */ = {isa = PBXFileReference; fileEncoding = 4; lastKnownFileType = sourcecode.c.objc; path = SDPhotoBrowser.m; sourceTree = "<group>"; };
		1348549B1F092B0A00AB0843 /* SDPhotoBrowserConfig.h */ = {isa = PBXFileReference; fileEncoding = 4; lastKnownFileType = sourcecode.c.h; path = SDPhotoBrowserConfig.h; sourceTree = "<group>"; };
		1348549C1F092B0A00AB0843 /* SDWaitingView.h */ = {isa = PBXFileReference; fileEncoding = 4; lastKnownFileType = sourcecode.c.h; path = SDWaitingView.h; sourceTree = "<group>"; };
		1348549D1F092B0A00AB0843 /* SDWaitingView.m */ = {isa = PBXFileReference; fileEncoding = 4; lastKnownFileType = sourcecode.c.objc; path = SDWaitingView.m; sourceTree = "<group>"; };
		BB64021C198B4154069AFD59 /* Pods-WH -- Detail.debug.xcconfig */ = {isa = PBXFileReference; includeInIndex = 1; lastKnownFileType = text.xcconfig; name = "Pods-WH -- Detail.debug.xcconfig"; path = "Pods/Target Support Files/Pods-WH -- Detail/Pods-WH -- Detail.debug.xcconfig"; sourceTree = "<group>"; };
		E6BA7D0DE6196620BAB87E38 /* libPods-WH -- Detail.a */ = {isa = PBXFileReference; explicitFileType = archive.ar; includeInIndex = 0; path = "libPods-WH -- Detail.a"; sourceTree = BUILT_PRODUCTS_DIR; };
		E905FA93CFC6CD003A195CA2 /* Pods-WH -- Detail.release.xcconfig */ = {isa = PBXFileReference; includeInIndex = 1; lastKnownFileType = text.xcconfig; name = "Pods-WH -- Detail.release.xcconfig"; path = "Pods/Target Support Files/Pods-WH -- Detail/Pods-WH -- Detail.release.xcconfig"; sourceTree = "<group>"; };
/* End PBXFileReference section */

/* Begin PBXFrameworksBuildPhase section */
		134854491F09292800AB0843 /* Frameworks */ = {
			isa = PBXFrameworksBuildPhase;
			buildActionMask = 2147483647;
			files = (
				103B51743EF5B44618672724 /* libPods-WH -- Detail.a in Frameworks */,
			);
			runOnlyForDeploymentPostprocessing = 0;
		};
		134854621F09292A00AB0843 /* Frameworks */ = {
			isa = PBXFrameworksBuildPhase;
			buildActionMask = 2147483647;
			files = (
			);
			runOnlyForDeploymentPostprocessing = 0;
		};
		1348546D1F09292A00AB0843 /* Frameworks */ = {
			isa = PBXFrameworksBuildPhase;
			buildActionMask = 2147483647;
			files = (
			);
			runOnlyForDeploymentPostprocessing = 0;
		};
/* End PBXFrameworksBuildPhase section */

/* Begin PBXGroup section */
		134854431F09292800AB0843 = {
			isa = PBXGroup;
			children = (
				1348544E1F09292900AB0843 /* WH -- Detail */,
				134854681F09292A00AB0843 /* WH -- DetailTests */,
				134854731F09292A00AB0843 /* WH -- DetailUITests */,
				1348544D1F09292800AB0843 /* Products */,
				9E01DF35EBA84FF032F28A67 /* Pods */,
				F98E3BC4C2C8C9C79C2CC358 /* Frameworks */,
			);
			sourceTree = "<group>";
		};
		1348544D1F09292800AB0843 /* Products */ = {
			isa = PBXGroup;
			children = (
				1348544C1F09292800AB0843 /* WH -- Detail.app */,
				134854651F09292A00AB0843 /* WH -- DetailTests.xctest */,
				134854701F09292A00AB0843 /* WH -- DetailUITests.xctest */,
			);
			name = Products;
			sourceTree = "<group>";
		};
		1348544E1F09292900AB0843 /* WH -- Detail */ = {
			isa = PBXGroup;
			children = (
				134854961F092B0A00AB0843 /* SDPhotoBrowser */,
				134854931F092AFF00AB0843 /* UIView+JKFrame.h */,
				134854941F092AFF00AB0843 /* UIView+JKFrame.m */,
				134854521F09292900AB0843 /* AppDelegate.h */,
				134854531F09292900AB0843 /* AppDelegate.m */,
				134854821F092AF700AB0843 /* ViewController.h */,
				134854831F092AF700AB0843 /* ViewController.m */,
				134854841F092AF700AB0843 /* TableViewCell.h */,
				134854851F092AF700AB0843 /* TableViewCell.m */,
				134854861F092AF700AB0843 /* Model.h */,
				134854871F092AF700AB0843 /* Model.m */,
				134854881F092AF700AB0843 /* ModelF.h */,
				134854891F092AF700AB0843 /* ModelF.m */,
				1348548A1F092AF700AB0843 /* PhotosView.h */,
				1348548B1F092AF700AB0843 /* PhotosView.m */,
				1348548C1F092AF700AB0843 /* Main.storyboard */,
				1348545B1F09292900AB0843 /* Assets.xcassets */,
				1348545D1F09292900AB0843 /* LaunchScreen.storyboard */,
				134854601F09292900AB0843 /* Info.plist */,
				1348544F1F09292900AB0843 /* Supporting Files */,
			);
			path = "WH -- Detail";
			sourceTree = "<group>";
		};
		1348544F1F09292900AB0843 /* Supporting Files */ = {
			isa = PBXGroup;
			children = (
				134854501F09292900AB0843 /* main.m */,
			);
			name = "Supporting Files";
			sourceTree = "<group>";
		};
		134854681F09292A00AB0843 /* WH -- DetailTests */ = {
			isa = PBXGroup;
			children = (
				134854691F09292A00AB0843 /* WH____DetailTests.m */,
				1348546B1F09292A00AB0843 /* Info.plist */,
			);
			path = "WH -- DetailTests";
			sourceTree = "<group>";
		};
		134854731F09292A00AB0843 /* WH -- DetailUITests */ = {
			isa = PBXGroup;
			children = (
				134854741F09292A00AB0843 /* WH____DetailUITests.m */,
				134854761F09292A00AB0843 /* Info.plist */,
			);
			path = "WH -- DetailUITests";
			sourceTree = "<group>";
		};
		134854961F092B0A00AB0843 /* SDPhotoBrowser */ = {
			isa = PBXGroup;
			children = (
				134854971F092B0A00AB0843 /* SDBrowserImageView.h */,
				134854981F092B0A00AB0843 /* SDBrowserImageView.m */,
				134854991F092B0A00AB0843 /* SDPhotoBrowser.h */,
				1348549A1F092B0A00AB0843 /* SDPhotoBrowser.m */,
				1348549B1F092B0A00AB0843 /* SDPhotoBrowserConfig.h */,
				1348549C1F092B0A00AB0843 /* SDWaitingView.h */,
				1348549D1F092B0A00AB0843 /* SDWaitingView.m */,
			);
			path = SDPhotoBrowser;
			sourceTree = "<group>";
		};
		9E01DF35EBA84FF032F28A67 /* Pods */ = {
			isa = PBXGroup;
			children = (
				BB64021C198B4154069AFD59 /* Pods-WH -- Detail.debug.xcconfig */,
				E905FA93CFC6CD003A195CA2 /* Pods-WH -- Detail.release.xcconfig */,
			);
			name = Pods;
			sourceTree = "<group>";
		};
		F98E3BC4C2C8C9C79C2CC358 /* Frameworks */ = {
			isa = PBXGroup;
			children = (
				E6BA7D0DE6196620BAB87E38 /* libPods-WH -- Detail.a */,
			);
			name = Frameworks;
			sourceTree = "<group>";
		};
/* End PBXGroup section */

/* Begin PBXNativeTarget section */
		1348544B1F09292800AB0843 /* WH -- Detail */ = {
			isa = PBXNativeTarget;
			buildConfigurationList = 134854791F09292A00AB0843 /* Build configuration list for PBXNativeTarget "WH -- Detail" */;
			buildPhases = (
				D01B3F238DD933694D35CA36 /* [CP] Check Pods Manifest.lock */,
				134854481F09292800AB0843 /* Sources */,
				134854491F09292800AB0843 /* Frameworks */,
				1348544A1F09292800AB0843 /* Resources */,
				A77355348D263D93D09D45DE /* [CP] Embed Pods Frameworks */,
				63D0501E11421F268270340D /* [CP] Copy Pods Resources */,
			);
			buildRules = (
			);
			dependencies = (
			);
			name = "WH -- Detail";
			productName = "WH -- Detail";
			productReference = 1348544C1F09292800AB0843 /* WH -- Detail.app */;
			productType = "com.apple.product-type.application";
		};
		134854641F09292A00AB0843 /* WH -- DetailTests */ = {
			isa = PBXNativeTarget;
			buildConfigurationList = 1348547C1F09292A00AB0843 /* Build configuration list for PBXNativeTarget "WH -- DetailTests" */;
			buildPhases = (
				134854611F09292A00AB0843 /* Sources */,
				134854621F09292A00AB0843 /* Frameworks */,
				134854631F09292A00AB0843 /* Resources */,
			);
			buildRules = (
			);
			dependencies = (
				134854671F09292A00AB0843 /* PBXTargetDependency */,
			);
			name = "WH -- DetailTests";
			productName = "WH -- DetailTests";
			productReference = 134854651F09292A00AB0843 /* WH -- DetailTests.xctest */;
			productType = "com.apple.product-type.bundle.unit-test";
		};
		1348546F1F09292A00AB0843 /* WH -- DetailUITests */ = {
			isa = PBXNativeTarget;
			buildConfigurationList = 1348547F1F09292A00AB0843 /* Build configuration list for PBXNativeTarget "WH -- DetailUITests" */;
			buildPhases = (
				1348546C1F09292A00AB0843 /* Sources */,
				1348546D1F09292A00AB0843 /* Frameworks */,
				1348546E1F09292A00AB0843 /* Resources */,
			);
			buildRules = (
			);
			dependencies = (
				134854721F09292A00AB0843 /* PBXTargetDependency */,
			);
			name = "WH -- DetailUITests";
			productName = "WH -- DetailUITests";
			productReference = 134854701F09292A00AB0843 /* WH -- DetailUITests.xctest */;
			productType = "com.apple.product-type.bundle.ui-testing";
		};
/* End PBXNativeTarget section */

/* Begin PBXProject section */
		134854441F09292800AB0843 /* Project object */ = {
			isa = PBXProject;
			attributes = {
				LastUpgradeCheck = 0820;
				ORGANIZATIONNAME = QIUGUI;
				TargetAttributes = {
					1348544B1F09292800AB0843 = {
						CreatedOnToolsVersion = 8.2.1;
						DevelopmentTeam = JVXD85Z9KW;
						ProvisioningStyle = Automatic;
					};
					134854641F09292A00AB0843 = {
						CreatedOnToolsVersion = 8.2.1;
						DevelopmentTeam = JVXD85Z9KW;
						ProvisioningStyle = Automatic;
						TestTargetID = 1348544B1F09292800AB0843;
					};
					1348546F1F09292A00AB0843 = {
						CreatedOnToolsVersion = 8.2.1;
						DevelopmentTeam = JVXD85Z9KW;
						ProvisioningStyle = Automatic;
						TestTargetID = 1348544B1F09292800AB0843;
					};
				};
			};
			buildConfigurationList = 134854471F09292800AB0843 /* Build configuration list for PBXProject "WH -- Detail" */;
			compatibilityVersion = "Xcode 3.2";
			developmentRegion = English;
			hasScannedForEncodings = 0;
			knownRegions = (
				en,
				Base,
			);
			mainGroup = 134854431F09292800AB0843;
			productRefGroup = 1348544D1F09292800AB0843 /* Products */;
			projectDirPath = "";
			projectRoot = "";
			targets = (
				1348544B1F09292800AB0843 /* WH -- Detail */,
				134854641F09292A00AB0843 /* WH -- DetailTests */,
				1348546F1F09292A00AB0843 /* WH -- DetailUITests */,
			);
		};
/* End PBXProject section */

/* Begin PBXResourcesBuildPhase section */
		1348544A1F09292800AB0843 /* Resources */ = {
			isa = PBXResourcesBuildPhase;
			buildActionMask = 2147483647;
			files = (
				134854921F092AF700AB0843 /* Main.storyboard in Resources */,
				1348545F1F09292900AB0843 /* LaunchScreen.storyboard in Resources */,
				1348545C1F09292900AB0843 /* Assets.xcassets in Resources */,
			);
			runOnlyForDeploymentPostprocessing = 0;
		};
		134854631F09292A00AB0843 /* Resources */ = {
			isa = PBXResourcesBuildPhase;
			buildActionMask = 2147483647;
			files = (
			);
			runOnlyForDeploymentPostprocessing = 0;
		};
		1348546E1F09292A00AB0843 /* Resources */ = {
			isa = PBXResourcesBuildPhase;
			buildActionMask = 2147483647;
			files = (
			);
			runOnlyForDeploymentPostprocessing = 0;
		};
/* End PBXResourcesBuildPhase section */

/* Begin PBXShellScriptBuildPhase section */
		63D0501E11421F268270340D /* [CP] Copy Pods Resources */ = {
			isa = PBXShellScriptBuildPhase;
			buildActionMask = 2147483647;
			files = (
			);
			inputPaths = (
			);
			name = "[CP] Copy Pods Resources";
			outputPaths = (
			);
			runOnlyForDeploymentPostprocessing = 0;
			shellPath = /bin/sh;
			shellScript = "\"${SRCROOT}/Pods/Target Support Files/Pods-WH -- Detail/Pods-WH -- Detail-resources.sh\"\n";
			showEnvVarsInLog = 0;
		};
		A77355348D263D93D09D45DE /* [CP] Embed Pods Frameworks */ = {
			isa = PBXShellScriptBuildPhase;
			buildActionMask = 2147483647;
			files = (
			);
			inputPaths = (
			);
			name = "[CP] Embed Pods Frameworks";
			outputPaths = (
			);
			runOnlyForDeploymentPostprocessing = 0;
			shellPath = /bin/sh;
			shellScript = "\"${SRCROOT}/Pods/Target Support Files/Pods-WH -- Detail/Pods-WH -- Detail-frameworks.sh\"\n";
			showEnvVarsInLog = 0;
		};
		D01B3F238DD933694D35CA36 /* [CP] Check Pods Manifest.lock */ = {
			isa = PBXShellScriptBuildPhase;
			buildActionMask = 2147483647;
			files = (
			);
			inputPaths = (
			);
			name = "[CP] Check Pods Manifest.lock";
			outputPaths = (
			);
			runOnlyForDeploymentPostprocessing = 0;
			shellPath = /bin/sh;
			shellScript = "diff \"${PODS_ROOT}/../Podfile.lock\" \"${PODS_ROOT}/Manifest.lock\" > /dev/null\nif [ $? != 0 ] ; then\n    # print error to STDERR\n    echo \"error: The sandbox is not in sync with the Podfile.lock. Run 'pod install' or update your CocoaPods installation.\" >&2\n    exit 1\nfi\n";
			showEnvVarsInLog = 0;
		};
/* End PBXShellScriptBuildPhase section */

/* Begin PBXSourcesBuildPhase section */
		134854481F09292800AB0843 /* Sources */ = {
			isa = PBXSourcesBuildPhase;
			buildActionMask = 2147483647;
			files = (
				1348549F1F092B0A00AB0843 /* SDPhotoBrowser.m in Sources */,
				1348548D1F092AF700AB0843 /* ViewController.m in Sources */,
				1348548E1F092AF700AB0843 /* TableViewCell.m in Sources */,
				134854541F09292900AB0843 /* AppDelegate.m in Sources */,
				134854911F092AF700AB0843 /* PhotosView.m in Sources */,
				134854511F09292900AB0843 /* main.m in Sources */,
				134854901F092AF700AB0843 /* ModelF.m in Sources */,
				1348549E1F092B0A00AB0843 /* SDBrowserImageView.m in Sources */,
				134854A01F092B0A00AB0843 /* SDWaitingView.m in Sources */,
				1348548F1F092AF700AB0843 /* Model.m in Sources */,
				134854951F092AFF00AB0843 /* UIView+JKFrame.m in Sources */,
			);
			runOnlyForDeploymentPostprocessing = 0;
		};
		134854611F09292A00AB0843 /* Sources */ = {
			isa = PBXSourcesBuildPhase;
			buildActionMask = 2147483647;
			files = (
				1348546A1F09292A00AB0843 /* WH____DetailTests.m in Sources */,
			);
			runOnlyForDeploymentPostprocessing = 0;
		};
		1348546C1F09292A00AB0843 /* Sources */ = {
			isa = PBXSourcesBuildPhase;
			buildActionMask = 2147483647;
			files = (
				134854751F09292A00AB0843 /* WH____DetailUITests.m in Sources */,
			);
			runOnlyForDeploymentPostprocessing = 0;
		};
/* End PBXSourcesBuildPhase section */

/* Begin PBXTargetDependency section */
		134854671F09292A00AB0843 /* PBXTargetDependency */ = {
			isa = PBXTargetDependency;
			target = 1348544B1F09292800AB0843 /* WH -- Detail */;
			targetProxy = 134854661F09292A00AB0843 /* PBXContainerItemProxy */;
		};
		134854721F09292A00AB0843 /* PBXTargetDependency */ = {
			isa = PBXTargetDependency;
			target = 1348544B1F09292800AB0843 /* WH -- Detail */;
			targetProxy = 134854711F09292A00AB0843 /* PBXContainerItemProxy */;
		};
/* End PBXTargetDependency section */

/* Begin PBXVariantGroup section */
		1348545D1F09292900AB0843 /* LaunchScreen.storyboard */ = {
			isa = PBXVariantGroup;
			children = (
				1348545E1F09292900AB0843 /* Base */,
			);
			name = LaunchScreen.storyboard;
			sourceTree = "<group>";
		};
/* End PBXVariantGroup section */

/* Begin XCBuildConfiguration section */
		134854771F09292A00AB0843 /* Debug */ = {
			isa = XCBuildConfiguration;
			buildSettings = {
				ALWAYS_SEARCH_USER_PATHS = NO;
				CLANG_ANALYZER_NONNULL = YES;
				CLANG_CXX_LANGUAGE_STANDARD = "gnu++0x";
				CLANG_CXX_LIBRARY = "libc++";
				CLANG_ENABLE_MODULES = YES;
				CLANG_ENABLE_OBJC_ARC = YES;
				CLANG_WARN_BOOL_CONVERSION = YES;
				CLANG_WARN_CONSTANT_CONVERSION = YES;
				CLANG_WARN_DIRECT_OBJC_ISA_USAGE = YES_ERROR;
				CLANG_WARN_DOCUMENTATION_COMMENTS = YES;
				CLANG_WARN_EMPTY_BODY = YES;
				CLANG_WARN_ENUM_CONVERSION = YES;
				CLANG_WARN_INFINITE_RECURSION = YES;
				CLANG_WARN_INT_CONVERSION = YES;
				CLANG_WARN_OBJC_ROOT_CLASS = YES_ERROR;
				CLANG_WARN_SUSPICIOUS_MOVE = YES;
				CLANG_WARN_UNREACHABLE_CODE = YES;
				CLANG_WARN__DUPLICATE_METHOD_MATCH = YES;
				"CODE_SIGN_IDENTITY[sdk=iphoneos*]" = "iPhone Developer";
				COPY_PHASE_STRIP = NO;
				DEBUG_INFORMATION_FORMAT = dwarf;
				ENABLE_STRICT_OBJC_MSGSEND = YES;
				ENABLE_TESTABILITY = YES;
				GCC_C_LANGUAGE_STANDARD = gnu99;
				GCC_DYNAMIC_NO_PIC = NO;
				GCC_NO_COMMON_BLOCKS = YES;
				GCC_OPTIMIZATION_LEVEL = 0;
				GCC_PREPROCESSOR_DEFINITIONS = (
					"DEBUG=1",
					"$(inherited)",
				);
				GCC_WARN_64_TO_32_BIT_CONVERSION = YES;
				GCC_WARN_ABOUT_RETURN_TYPE = YES_ERROR;
				GCC_WARN_UNDECLARED_SELECTOR = YES;
				GCC_WARN_UNINITIALIZED_AUTOS = YES_AGGRESSIVE;
				GCC_WARN_UNUSED_FUNCTION = YES;
				GCC_WARN_UNUSED_VARIABLE = YES;
				IPHONEOS_DEPLOYMENT_TARGET = 10.2;
				MTL_ENABLE_DEBUG_INFO = YES;
				ONLY_ACTIVE_ARCH = YES;
				SDKROOT = iphoneos;
			};
			name = Debug;
		};
		134854781F09292A00AB0843 /* Release */ = {
			isa = XCBuildConfiguration;
			buildSettings = {
				ALWAYS_SEARCH_USER_PATHS = NO;
				CLANG_ANALYZER_NONNULL = YES;
				CLANG_CXX_LANGUAGE_STANDARD = "gnu++0x";
				CLANG_CXX_LIBRARY = "libc++";
				CLANG_ENABLE_MODULES = YES;
				CLANG_ENABLE_OBJC_ARC = YES;
				CLANG_WARN_BOOL_CONVERSION = YES;
				CLANG_WARN_CONSTANT_CONVERSION = YES;
				CLANG_WARN_DIRECT_OBJC_ISA_USAGE = YES_ERROR;
				CLANG_WARN_DOCUMENTATION_COMMENTS = YES;
				CLANG_WARN_EMPTY_BODY = YES;
				CLANG_WARN_ENUM_CONVERSION = YES;
				CLANG_WARN_INFINITE_RECURSION = YES;
				CLANG_WARN_INT_CONVERSION = YES;
				CLANG_WARN_OBJC_ROOT_CLASS = YES_ERROR;
				CLANG_WARN_SUSPICIOUS_MOVE = YES;
				CLANG_WARN_UNREACHABLE_CODE = YES;
				CLANG_WARN__DUPLICATE_METHOD_MATCH = YES;
				"CODE_SIGN_IDENTITY[sdk=iphoneos*]" = "iPhone Developer";
				COPY_PHASE_STRIP = NO;
				DEBUG_INFORMATION_FORMAT = "dwarf-with-dsym";
				ENABLE_NS_ASSERTIONS = NO;
				ENABLE_STRICT_OBJC_MSGSEND = YES;
				GCC_C_LANGUAGE_STANDARD = gnu99;
				GCC_NO_COMMON_BLOCKS = YES;
				GCC_WARN_64_TO_32_BIT_CONVERSION = YES;
				GCC_WARN_ABOUT_RETURN_TYPE = YES_ERROR;
				GCC_WARN_UNDECLARED_SELECTOR = YES;
				GCC_WARN_UNINITIALIZED_AUTOS = YES_AGGRESSIVE;
				GCC_WARN_UNUSED_FUNCTION = YES;
				GCC_WARN_UNUSED_VARIABLE = YES;
				IPHONEOS_DEPLOYMENT_TARGET = 10.2;
				MTL_ENABLE_DEBUG_INFO = NO;
				SDKROOT = iphoneos;
				VALIDATE_PRODUCT = YES;
			};
			name = Release;
		};
		1348547A1F09292A00AB0843 /* Debug */ = {
			isa = XCBuildConfiguration;
			baseConfigurationReference = BB64021C198B4154069AFD59 /* Pods-WH -- Detail.debug.xcconfig */;
			buildSettings = {
				ASSETCATALOG_COMPILER_APPICON_NAME = AppIcon;
				DEVELOPMENT_TEAM = JVXD85Z9KW;
				INFOPLIST_FILE = "WH -- Detail/Info.plist";
				LD_RUNPATH_SEARCH_PATHS = "$(inherited) @executable_path/Frameworks";
				PRODUCT_BUNDLE_IDENTIFIER = "com.WH.Demo.WH----Detail";
				PRODUCT_NAME = "$(TARGET_NAME)";
			};
			name = Debug;
		};
		1348547B1F09292A00AB0843 /* Release */ = {
			isa = XCBuildConfiguration;
			baseConfigurationReference = E905FA93CFC6CD003A195CA2 /* Pods-WH -- Detail.release.xcconfig */;
			buildSettings = {
				ASSETCATALOG_COMPILER_APPICON_NAME = AppIcon;
				DEVELOPMENT_TEAM = JVXD85Z9KW;
				INFOPLIST_FILE = "WH -- Detail/Info.plist";
				LD_RUNPATH_SEARCH_PATHS = "$(inherited) @executable_path/Frameworks";
				PRODUCT_BUNDLE_IDENTIFIER = "com.WH.Demo.WH----Detail";
				PRODUCT_NAME = "$(TARGET_NAME)";
			};
			name = Release;
		};
		1348547D1F09292A00AB0843 /* Debug */ = {
			isa = XCBuildConfiguration;
			buildSettings = {
				BUNDLE_LOADER = "$(TEST_HOST)";
				DEVELOPMENT_TEAM = JVXD85Z9KW;
				INFOPLIST_FILE = "WH -- DetailTests/Info.plist";
				LD_RUNPATH_SEARCH_PATHS = "$(inherited) @executable_path/Frameworks @loader_path/Frameworks";
				PRODUCT_BUNDLE_IDENTIFIER = "com.WH.Demo.WH----DetailTests";
				PRODUCT_NAME = "$(TARGET_NAME)";
				TEST_HOST = "$(BUILT_PRODUCTS_DIR)/WH -- Detail.app/WH -- Detail";
			};
			name = Debug;
		};
		1348547E1F09292A00AB0843 /* Release */ = {
			isa = XCBuildConfiguration;
			buildSettings = {
				BUNDLE_LOADER = "$(TEST_HOST)";
				DEVELOPMENT_TEAM = JVXD85Z9KW;
				INFOPLIST_FILE = "WH -- DetailTests/Info.plist";
				LD_RUNPATH_SEARCH_PATHS = "$(inherited) @executable_path/Frameworks @loader_path/Frameworks";
				PRODUCT_BUNDLE_IDENTIFIER = "com.WH.Demo.WH----DetailTests";
				PRODUCT_NAME = "$(TARGET_NAME)";
				TEST_HOST = "$(BUILT_PRODUCTS_DIR)/WH -- Detail.app/WH -- Detail";
			};
			name = Release;
		};
		134854801F09292A00AB0843 /* Debug */ = {
			isa = XCBuildConfiguration;
			buildSettings = {
				DEVELOPMENT_TEAM = JVXD85Z9KW;
				INFOPLIST_FILE = "WH -- DetailUITests/Info.plist";
				LD_RUNPATH_SEARCH_PATHS = "$(inherited) @executable_path/Frameworks @loader_path/Frameworks";
				PRODUCT_BUNDLE_IDENTIFIER = "com.WH.Demo.WH----DetailUITests";
				PRODUCT_NAME = "$(TARGET_NAME)";
				TEST_TARGET_NAME = "WH -- Detail";
			};
			name = Debug;
		};
		134854811F09292A00AB0843 /* Release */ = {
			isa = XCBuildConfiguration;
			buildSettings = {
				DEVELOPMENT_TEAM = JVXD85Z9KW;
				INFOPLIST_FILE = "WH -- DetailUITests/Info.plist";
				LD_RUNPATH_SEARCH_PATHS = "$(inherited) @executable_path/Frameworks @loader_path/Frameworks";
				PRODUCT_BUNDLE_IDENTIFIER = "com.WH.Demo.WH----DetailUITests";
				PRODUCT_NAME = "$(TARGET_NAME)";
				TEST_TARGET_NAME = "WH -- Detail";
			};
			name = Release;
		};
/* End XCBuildConfiguration section */

/* Begin XCConfigurationList section */
		134854471F09292800AB0843 /* Build configuration list for PBXProject "WH -- Detail" */ = {
			isa = XCConfigurationList;
			buildConfigurations = (
				134854771F09292A00AB0843 /* Debug */,
				134854781F09292A00AB0843 /* Release */,
			);
			defaultConfigurationIsVisible = 0;
			defaultConfigurationName = Release;
		};
		134854791F09292A00AB0843 /* Build configuration list for PBXNativeTarget "WH -- Detail" */ = {
			isa = XCConfigurationList;
			buildConfigurations = (
				1348547A1F09292A00AB0843 /* Debug */,
				1348547B1F09292A00AB0843 /* Release */,
			);
			defaultConfigurationIsVisible = 0;
			defaultConfigurationName = Release;
		};
		1348547C1F09292A00AB0843 /* Build configuration list for PBXNativeTarget "WH -- DetailTests" */ = {
			isa = XCConfigurationList;
			buildConfigurations = (
				1348547D1F09292A00AB0843 /* Debug */,
				1348547E1F09292A00AB0843 /* Release */,
			);
			defaultConfigurationIsVisible = 0;
			defaultConfigurationName = Release;
		};
		1348547F1F09292A00AB0843 /* Build configuration list for PBXNativeTarget "WH -- DetailUITests" */ = {
			isa = XCConfigurationList;
			buildConfigurations = (
				134854801F09292A00AB0843 /* Debug */,
				134854811F09292A00AB0843 /* Release */,
			);
			defaultConfigurationIsVisible = 0;
			defaultConfigurationName = Release;
		};
/* End XCConfigurationList section */
	};
	rootObject = 134854441F09292800AB0843 /* Project object */;
}
